
Microsoft Visual Studio Solution File, Format Version 12.00
# Visual Studio 14
VisualStudioVersion = 14.0.25420.1
MinimumVisualStudioVersion = 10.0.40219.1
Project("{FAE04EC0-301F-11D3-BF4B-00C04F79EFBC}") = "DynamicParameterHelper", "DynamicParameterHelper\DynamicParameterHelper.csproj", "{2722EBF3-7217-4A8D-A776-F5169762945E}"
EndProject
Project("{FAE04EC0-301F-11D3-BF4B-00C04F79EFBC}") = "DynamicParameterHelper.Tests", "DynamicParameterHelper.Tests\DynamicParameterHelper.Tests.csproj", "{644922A0-8C73-41C6-94A2-15177EA6A393}"
EndProject
Global
	GlobalSection(SolutionConfigurationPlatforms) = preSolution
		Debug|Any CPU = Debug|Any CPU
		Release|Any CPU = Release|Any CPU
	EndGlobalSection
	GlobalSection(ProjectConfigurationPlatforms) = postSolution
		{2722EBF3-7217-4A8D-A776-F5169762945E}.Debug|Any CPU.ActiveCfg = Debug|Any CPU
		{2722EBF3-7217-4A8D-A776-F5169762945E}.Debug|Any CPU.Build.0 = Debug|Any CPU
		{2722EBF3-7217-4A8D-A776-F5169762945E}.Release|Any CPU.ActiveCfg = Release|Any CPU
		{2722EBF3-7217-4A8D-A776-F5169762945E}.Release|Any CPU.Build.0 = Release|Any CPU
		{644922A0-8C73-41C6-94A2-15177EA6A393}.Debug|Any CPU.ActiveCfg = Debug|Any CPU
		{644922A0-8C73-41C6-94A2-15177EA6A393}.Debug|Any CPU.Build.0 = Debug|Any CPU
		{644922A0-8C73-41C6-94A2-15177EA6A393}.Release|Any CPU.ActiveCfg = Release|Any CPU
		{644922A0-8C73-41C6-94A2-15177EA6A393}.Release|Any CPU.Build.0 = Release|Any CPU
	EndGlobalSection
	GlobalSection(SolutionProperties) = preSolution
		HideSolutionNode = FALSE
	EndGlobalSection
EndGlobal
